
Microsoft Visual Studio Solution File, Format Version 12.00
# Visual Studio Version 17
VisualStudioVersion = 17.6.33829.357
MinimumVisualStudioVersion = 10.0.40219.1
Project("{FAE04EC0-301F-11D3-BF4B-00C04F79EFBC}") = "CachDataApp", "CachDataApp.csproj", "{964DCEB4-9387-4358-9B56-56716D06837F}"
EndProject
Global
	GlobalSection(SolutionConfigurationPlatforms) = preSolution
		Debug|Any CPU = Debug|Any CPU
		Release|Any CPU = Release|Any CPU
	EndGlobalSection
	GlobalSection(ProjectConfigurationPlatforms) = postSolution
		{964DCEB4-9387-4358-9B56-56716D06837F}.Debug|Any CPU.ActiveCfg = Debug|Any CPU
		{964DCEB4-9387-4358-9B56-56716D06837F}.Debug|Any CPU.Build.0 = Debug|Any CPU
		{964DCEB4-9387-4358-9B56-56716D06837F}.Release|Any CPU.ActiveCfg = Release|Any CPU
		{964DCEB4-9387-4358-9B56-56716D06837F}.Release|Any CPU.Build.0 = Release|Any CPU
	EndGlobalSection
	GlobalSection(SolutionProperties) = preSolution
		HideSolutionNode = FALSE
	EndGlobalSection
	GlobalSection(ExtensibilityGlobals) = postSolution
		SolutionGuid = {D193DFDF-B889-4280-BBE0-CA9B9255E606}
	EndGlobalSection
EndGlobal
